{
  "name": "create-marktree",
  "version": "0.0.14",
  "lockfileVersion": 2,
  "requires": true,
  "packages": {
    "": {
      "name": "create-marktree",
      "version": "0.0.14",
      "license": "ISC",
      "dependencies": {
        "esm": "^3.2.25",
        "virtual-file-system": "^1.1.0"
      },
      "bin": {
        "createTemplate": "bin/createTemplate.js"
      }
    },
    "node_modules/esm": {
      "version": "3.2.25",
      "resolved": "https://registry.npmjs.org/esm/-/esm-3.2.25.tgz",
      "integrity": "sha512-U1suiZ2oDVWv4zPO56S0NcR5QriEahGtdN2OR6FiOG4WJvcjBVFB0qI4+eKoWFH483PKGuLuu6V8Z4T5g63UVA==",
      "engines": {
        "node": ">=6"
      }
    },
    "node_modules/virtual-file-system": {
      "version": "1.1.0",
      "resolved": "https://registry.npmjs.org/virtual-file-system/-/virtual-file-system-1.1.0.tgz",
      "integrity": "sha512-u+ITvpSjv+Yqgr5OvN273/roIxtrExW6iHpg/1HIY5pi8B5KtNpGAx0pAd0xOhIxlXyMABpjX7GahyQqrBk1HA=="
    }
  },
  "dependencies": {
    "esm": {
      "version": "3.2.25",
      "resolved": "https://registry.npmjs.org/esm/-/esm-3.2.25.tgz",
      "integrity": "sha512-U1suiZ2oDVWv4zPO56S0NcR5QriEahGtdN2OR6FiOG4WJvcjBVFB0qI4+eKoWFH483PKGuLuu6V8Z4T5g63UVA=="
    },
    "virtual-file-system": {
      "version": "1.1.0",
      "resolved": "https://registry.npmjs.org/virtual-file-system/-/virtual-file-system-1.1.0.tgz",
      "integrity": "sha512-u+ITvpSjv+Yqgr5OvN273/roIxtrExW6iHpg/1HIY5pi8B5KtNpGAx0pAd0xOhIxlXyMABpjX7GahyQqrBk1HA=="
    }
  }
}
