{
  "name": "create-marktree",
  "version": "0.0.2",
  "lockfileVersion": 2,
  "requires": true,
  "packages": {
    "": {
      "name": "create-marktree",
      "version": "0.0.2",
      "license": "ISC",
      "dependencies": {
        "esm": "^3.2.25",
        "virtual-file-system": "^1.0.3"
      },
      "bin": {
        "createTemplate": "bin/createTemplate.js"
      }
    },
    "node_modules/esm": {
      "version": "3.2.25",
      "resolved": "https://registry.npmjs.org/esm/-/esm-3.2.25.tgz",
      "integrity": "sha512-U1suiZ2oDVWv4zPO56S0NcR5QriEahGtdN2OR6FiOG4WJvcjBVFB0qI4+eKoWFH483PKGuLuu6V8Z4T5g63UVA==",
      "engines": {
        "node": ">=6"
      }
    },
    "node_modules/virtual-file-system": {
      "version": "1.0.3",
      "resolved": "https://registry.npmjs.org/virtual-file-system/-/virtual-file-system-1.0.3.tgz",
      "integrity": "sha512-gWO6tyZcDDBKWTeVP/7IsFFmAfxK2UPIkxumE+mXDI3QtVeKV7GI7Y6qoK7fZFIkVQLt3ick0M+NV1XyEqPbCA=="
    }
  },
  "dependencies": {
    "esm": {
      "version": "3.2.25",
      "resolved": "https://registry.npmjs.org/esm/-/esm-3.2.25.tgz",
      "integrity": "sha512-U1suiZ2oDVWv4zPO56S0NcR5QriEahGtdN2OR6FiOG4WJvcjBVFB0qI4+eKoWFH483PKGuLuu6V8Z4T5g63UVA=="
    },
    "virtual-file-system": {
      "version": "1.0.3",
      "resolved": "https://registry.npmjs.org/virtual-file-system/-/virtual-file-system-1.0.3.tgz",
      "integrity": "sha512-gWO6tyZcDDBKWTeVP/7IsFFmAfxK2UPIkxumE+mXDI3QtVeKV7GI7Y6qoK7fZFIkVQLt3ick0M+NV1XyEqPbCA=="
    }
  }
}
